// !$*UTF8*$!
{
	archiveVersion = 1;
	classes = {
	};
	objectVersion = 50;
	objects = {

/* Begin PBXBuildFile section */
		6F2A637B2437B30D00BBF66A /* AppDelegate.swift in Sources */ = {isa = PBXBuildFile; fileRef = 6F2A637A2437B30D00BBF66A /* AppDelegate.swift */; };
		6F2A637D2437B30D00BBF66A /* SceneDelegate.swift in Sources */ = {isa = PBXBuildFile; fileRef = 6F2A637C2437B30D00BBF66A /* SceneDelegate.swift */; };
		6F2A637F2437B30D00BBF66A /* AdventurerViewController.swift in Sources */ = {isa = PBXBuildFile; fileRef = 6F2A637E2437B30D00BBF66A /* AdventurerViewController.swift */; };
		6F2A63822437B30D00BBF66A /* Main.storyboard in Resources */ = {isa = PBXBuildFile; fileRef = 6F2A63802437B30D00BBF66A /* Main.storyboard */; };
		6F2A63852437B30D00BBF66A /* group19_assignment6.xcdatamodeld in Sources */ = {isa = PBXBuildFile; fileRef = 6F2A63832437B30D00BBF66A /* group19_assignment6.xcdatamodeld */; };
		6F2A63872437B31200BBF66A /* Assets.xcassets in Resources */ = {isa = PBXBuildFile; fileRef = 6F2A63862437B31200BBF66A /* Assets.xcassets */; };
		6F2A638A2437B31200BBF66A /* LaunchScreen.storyboard in Resources */ = {isa = PBXBuildFile; fileRef = 6F2A63882437B31200BBF66A /* LaunchScreen.storyboard */; };
		6F2A63982438E71100BBF66A /* AddAdventurerViewController.swift in Sources */ = {isa = PBXBuildFile; fileRef = 6F2A63972438E71100BBF66A /* AddAdventurerViewController.swift */; };
		6F2A639A2438F39800BBF66A /* QuestViewController.swift in Sources */ = {isa = PBXBuildFile; fileRef = 6F2A63992438F39800BBF66A /* QuestViewController.swift */; };
/* End PBXBuildFile section */

/* Begin PBXFileReference section */
		6F2A63772437B30D00BBF66A /* group19_assignment6.app */ = {isa = PBXFileReference; explicitFileType = wrapper.application; includeInIndex = 0; path = group19_assignment6.app; sourceTree = BUILT_PRODUCTS_DIR; };
		6F2A637A2437B30D00BBF66A /* AppDelegate.swift */ = {isa = PBXFileReference; lastKnownFileType = sourcecode.swift; path = AppDelegate.swift; sourceTree = "<group>"; };
		6F2A637C2437B30D00BBF66A /* SceneDelegate.swift */ = {isa = PBXFileReference; lastKnownFileType = sourcecode.swift; path = SceneDelegate.swift; sourceTree = "<group>"; };
		6F2A637E2437B30D00BBF66A /* AdventurerViewController.swift */ = {isa = PBXFileReference; lastKnownFileType = sourcecode.swift; path = AdventurerViewController.swift; sourceTree = "<group>"; };
		6F2A63812437B30D00BBF66A /* Base */ = {isa = PBXFileReference; lastKnownFileType = file.storyboard; name = Base; path = Base.lproj/Main.storyboard; sourceTree = "<group>"; };
		6F2A63842437B30D00BBF66A /* group19_assignment6.xcdatamodel */ = {isa = PBXFileReference; lastKnownFileType = wrapper.xcdatamodel; path = group19_assignment6.xcdatamodel; sourceTree = "<group>"; };
		6F2A63862437B31200BBF66A /* Assets.xcassets */ = {isa = PBXFileReference; lastKnownFileType = folder.assetcatalog; path = Assets.xcassets; sourceTree = "<group>"; };
		6F2A63892437B31200BBF66A /* Base */ = {isa = PBXFileReference; lastKnownFileType = file.storyboard; name = Base; path = Base.lproj/LaunchScreen.storyboard; sourceTree = "<group>"; };
		6F2A638B2437B31200BBF66A /* Info.plist */ = {isa = PBXFileReference; lastKnownFileType = text.plist.xml; path = Info.plist; sourceTree = "<group>"; };
		6F2A63972438E71100BBF66A /* AddAdventurerViewController.swift */ = {isa = PBXFileReference; lastKnownFileType = sourcecode.swift; path = AddAdventurerViewController.swift; sourceTree = "<group>"; };
		6F2A63992438F39800BBF66A /* QuestViewController.swift */ = {isa = PBXFileReference; lastKnownFileType = sourcecode.swift; path = QuestViewController.swift; sourceTree = "<group>"; };
/* End PBXFileReference section */

/* Begin PBXFrameworksBuildPhase section */
		6F2A63742437B30D00BBF66A /* Frameworks */ = {
			isa = PBXFrameworksBuildPhase;
			buildActionMask = 2147483647;
			files = (
			);
			runOnlyForDeploymentPostprocessing = 0;
		};
/* End PBXFrameworksBuildPhase section */

/* Begin PBXGroup section */
		6F2A636E2437B30D00BBF66A = {
			isa = PBXGroup;
			children = (
				6F2A63792437B30D00BBF66A /* group19_assignment6 */,
				6F2A63782437B30D00BBF66A /* Products */,
			);
			sourceTree = "<group>";
		};
		6F2A63782437B30D00BBF66A /* Products */ = {
			isa = PBXGroup;
			children = (
				6F2A63772437B30D00BBF66A /* group19_assignment6.app */,
			);
			name = Products;
			sourceTree = "<group>";
		};
		6F2A63792437B30D00BBF66A /* group19_assignment6 */ = {
			isa = PBXGroup;
			children = (
				6F2A637A2437B30D00BBF66A /* AppDelegate.swift */,
				6F2A637C2437B30D00BBF66A /* SceneDelegate.swift */,
				6F2A637E2437B30D00BBF66A /* AdventurerViewController.swift */,
				6F2A63972438E71100BBF66A /* AddAdventurerViewController.swift */,
				6F2A63992438F39800BBF66A /* QuestViewController.swift */,
				6F2A63802437B30D00BBF66A /* Main.storyboard */,
				6F2A63862437B31200BBF66A /* Assets.xcassets */,
				6F2A63882437B31200BBF66A /* LaunchScreen.storyboard */,
				6F2A638B2437B31200BBF66A /* Info.plist */,
				6F2A63832437B30D00BBF66A /* group19_assignment6.xcdatamodeld */,
			);
			path = group19_assignment6;
			sourceTree = "<group>";
		};
/* End PBXGroup section */

/* Begin PBXNativeTarget section */
		6F2A63762437B30D00BBF66A /* group19_assignment6 */ = {
			isa = PBXNativeTarget;
			buildConfigurationList = 6F2A638E2437B31200BBF66A /* Build configuration list for PBXNativeTarget "group19_assignment6" */;
			buildPhases = (
				6F2A63732437B30D00BBF66A /* Sources */,
				6F2A63742437B30D00BBF66A /* Frameworks */,
				6F2A63752437B30D00BBF66A /* Resources */,
			);
			buildRules = (
			);
			dependencies = (
			);
			name = group19_assignment6;
			productName = group19_assignment6;
			productReference = 6F2A63772437B30D00BBF66A /* group19_assignment6.app */;
			productType = "com.apple.product-type.application";
		};
/* End PBXNativeTarget section */

/* Begin PBXProject section */
		6F2A636F2437B30D00BBF66A /* Project object */ = {
			isa = PBXProject;
			attributes = {
				LastSwiftUpdateCheck = 1130;
				LastUpgradeCheck = 1130;
				ORGANIZATIONNAME = group19;
				TargetAttributes = {
					6F2A63762437B30D00BBF66A = {
						CreatedOnToolsVersion = 11.3.1;
					};
				};
			};
			buildConfigurationList = 6F2A63722437B30D00BBF66A /* Build configuration list for PBXProject "group19_assignment6" */;
			compatibilityVersion = "Xcode 9.3";
			developmentRegion = en;
			hasScannedForEncodings = 0;
			knownRegions = (
				en,
				Base,
			);
			mainGroup = 6F2A636E2437B30D00BBF66A;
			productRefGroup = 6F2A63782437B30D00BBF66A /* Products */;
			projectDirPath = "";
			projectRoot = "";
			targets = (
				6F2A63762437B30D00BBF66A /* group19_assignment6 */,
			);
		};
/* End PBXProject section */

/* Begin PBXResourcesBuildPhase section */
		6F2A63752437B30D00BBF66A /* Resources */ = {
			isa = PBXResourcesBuildPhase;
			buildActionMask = 2147483647;
			files = (
				6F2A638A2437B31200BBF66A /* LaunchScreen.storyboard in Resources */,
				6F2A63872437B31200BBF66A /* Assets.xcassets in Resources */,
				6F2A63822437B30D00BBF66A /* Main.storyboard in Resources */,
			);
			runOnlyForDeploymentPostprocessing = 0;
		};
/* End PBXResourcesBuildPhase section */

/* Begin PBXSourcesBuildPhase section */
		6F2A63732437B30D00BBF66A /* Sources */ = {
			isa = PBXSourcesBuildPhase;
			buildActionMask = 2147483647;
			files = (
				6F2A637F2437B30D00BBF66A /* AdventurerViewController.swift in Sources */,
				6F2A63982438E71100BBF66A /* AddAdventurerViewController.swift in Sources */,
				6F2A637B2437B30D00BBF66A /* AppDelegate.swift in Sources */,
				6F2A63852437B30D00BBF66A /* group19_assignment6.xcdatamodeld in Sources */,
				6F2A637D2437B30D00BBF66A /* SceneDelegate.swift in Sources */,
				6F2A639A2438F39800BBF66A /* QuestViewController.swift in Sources */,
			);
			runOnlyForDeploymentPostprocessing = 0;
		};
/* End PBXSourcesBuildPhase section */

/* Begin PBXVariantGroup section */
		6F2A63802437B30D00BBF66A /* Main.storyboard */ = {
			isa = PBXVariantGroup;
			children = (
				6F2A63812437B30D00BBF66A /* Base */,
			);
			name = Main.storyboard;
			sourceTree = "<group>";
		};
		6F2A63882437B31200BBF66A /* LaunchScreen.storyboard */ = {
			isa = PBXVariantGroup;
			children = (
				6F2A63892437B31200BBF66A /* Base */,
			);
			name = LaunchScreen.storyboard;
			sourceTree = "<group>";
		};
/* End PBXVariantGroup section */

/* Begin XCBuildConfiguration section */
		6F2A638C2437B31200BBF66A /* Debug */ = {
			isa = XCBuildConfiguration;
			buildSettings = {
				ALWAYS_SEARCH_USER_PATHS = NO;
				CLANG_ANALYZER_NONNULL = YES;
				CLANG_ANALYZER_NUMBER_OBJECT_CONVERSION = YES_AGGRESSIVE;
				CLANG_CXX_LANGUAGE_STANDARD = "gnu++14";
				CLANG_CXX_LIBRARY = "libc++";
				CLANG_ENABLE_MODULES = YES;
				CLANG_ENABLE_OBJC_ARC = YES;
				CLANG_ENABLE_OBJC_WEAK = YES;
				CLANG_WARN_BLOCK_CAPTURE_AUTORELEASING = YES;
				CLANG_WARN_BOOL_CONVERSION = YES;
				CLANG_WARN_COMMA = YES;
				CLANG_WARN_CONSTANT_CONVERSION = YES;
				CLANG_WARN_DEPRECATED_OBJC_IMPLEMENTATIONS = YES;
				CLANG_WARN_DIRECT_OBJC_ISA_USAGE = YES_ERROR;
				CLANG_WARN_DOCUMENTATION_COMMENTS = YES;
				CLANG_WARN_EMPTY_BODY = YES;
				CLANG_WARN_ENUM_CONVERSION = YES;
				CLANG_WARN_INFINITE_RECURSION = YES;
				CLANG_WARN_INT_CONVERSION = YES;
				CLANG_WARN_NON_LITERAL_NULL_CONVERSION = YES;
				CLANG_WARN_OBJC_IMPLICIT_RETAIN_SELF = YES;
				CLANG_WARN_OBJC_LITERAL_CONVERSION = YES;
				CLANG_WARN_OBJC_ROOT_CLASS = YES_ERROR;
				CLANG_WARN_RANGE_LOOP_ANALYSIS = YES;
				CLANG_WARN_STRICT_PROTOTYPES = YES;
				CLANG_WARN_SUSPICIOUS_MOVE = YES;
				CLANG_WARN_UNGUARDED_AVAILABILITY = YES_AGGRESSIVE;
				CLANG_WARN_UNREACHABLE_CODE = YES;
				CLANG_WARN__DUPLICATE_METHOD_MATCH = YES;
				COPY_PHASE_STRIP = NO;
				DEBUG_INFORMATION_FORMAT = dwarf;
				ENABLE_STRICT_OBJC_MSGSEND = YES;
				ENABLE_TESTABILITY = YES;
				GCC_C_LANGUAGE_STANDARD = gnu11;
				GCC_DYNAMIC_NO_PIC = NO;
				GCC_NO_COMMON_BLOCKS = YES;
				GCC_OPTIMIZATION_LEVEL = 0;
				GCC_PREPROCESSOR_DEFINITIONS = (
					"DEBUG=1",
					"$(inherited)",
				);
				GCC_WARN_64_TO_32_BIT_CONVERSION = YES;
				GCC_WARN_ABOUT_RETURN_TYPE = YES_ERROR;
				GCC_WARN_UNDECLARED_SELECTOR = YES;
				GCC_WARN_UNINITIALIZED_AUTOS = YES_AGGRESSIVE;
				GCC_WARN_UNUSED_FUNCTION = YES;
				GCC_WARN_UNUSED_VARIABLE = YES;
				IPHONEOS_DEPLOYMENT_TARGET = 13.2;
				MTL_ENABLE_DEBUG_INFO = INCLUDE_SOURCE;
				MTL_FAST_MATH = YES;
				ONLY_ACTIVE_ARCH = YES;
				SDKROOT = iphoneos;
				SWIFT_ACTIVE_COMPILATION_CONDITIONS = DEBUG;
				SWIFT_OPTIMIZATION_LEVEL = "-Onone";
			};
			name = Debug;
		};
		6F2A638D2437B31200BBF66A /* Release */ = {
			isa = XCBuildConfiguration;
			buildSettings = {
				ALWAYS_SEARCH_USER_PATHS = NO;
				CLANG_ANALYZER_NONNULL = YES;
				CLANG_ANALYZER_NUMBER_OBJECT_CONVERSION = YES_AGGRESSIVE;
				CLANG_CXX_LANGUAGE_STANDARD = "gnu++14";
				CLANG_CXX_LIBRARY = "libc++";
				CLANG_ENABLE_MODULES = YES;
				CLANG_ENABLE_OBJC_ARC = YES;
				CLANG_ENABLE_OBJC_WEAK = YES;
				CLANG_WARN_BLOCK_CAPTURE_AUTORELEASING = YES;
				CLANG_WARN_BOOL_CONVERSION = YES;
				CLANG_WARN_COMMA = YES;
				CLANG_WARN_CONSTANT_CONVERSION = YES;
				CLANG_WARN_DEPRECATED_OBJC_IMPLEMENTATIONS = YES;
				CLANG_WARN_DIRECT_OBJC_ISA_USAGE = YES_ERROR;
				CLANG_WARN_DOCUMENTATION_COMMENTS = YES;
				CLANG_WARN_EMPTY_BODY = YES;
				CLANG_WARN_ENUM_CONVERSION = YES;
				CLANG_WARN_INFINITE_RECURSION = YES;
				CLANG_WARN_INT_CONVERSION = YES;
				CLANG_WARN_NON_LITERAL_NULL_CONVERSION = YES;
				CLANG_WARN_OBJC_IMPLICIT_RETAIN_SELF = YES;
				CLANG_WARN_OBJC_LITERAL_CONVERSION = YES;
				CLANG_WARN_OBJC_ROOT_CLASS = YES_ERROR;
				CLANG_WARN_RANGE_LOOP_ANALYSIS = YES;
				CLANG_WARN_STRICT_PROTOTYPES = YES;
				CLANG_WARN_SUSPICIOUS_MOVE = YES;
				CLANG_WARN_UNGUARDED_AVAILABILITY = YES_AGGRESSIVE;
				CLANG_WARN_UNREACHABLE_CODE = YES;
				CLANG_WARN__DUPLICATE_METHOD_MATCH = YES;
				COPY_PHASE_STRIP = NO;
				DEBUG_INFORMATION_FORMAT = "dwarf-with-dsym";
				ENABLE_NS_ASSERTIONS = NO;
				ENABLE_STRICT_OBJC_MSGSEND = YES;
				GCC_C_LANGUAGE_STANDARD = gnu11;
				GCC_NO_COMMON_BLOCKS = YES;
				GCC_WARN_64_TO_32_BIT_CONVERSION = YES;
				GCC_WARN_ABOUT_RETURN_TYPE = YES_ERROR;
				GCC_WARN_UNDECLARED_SELECTOR = YES;
				GCC_WARN_UNINITIALIZED_AUTOS = YES_AGGRESSIVE;
				GCC_WARN_UNUSED_FUNCTION = YES;
				GCC_WARN_UNUSED_VARIABLE = YES;
				IPHONEOS_DEPLOYMENT_TARGET = 13.2;
				MTL_ENABLE_DEBUG_INFO = NO;
				MTL_FAST_MATH = YES;
				SDKROOT = iphoneos;
				SWIFT_COMPILATION_MODE = wholemodule;
				SWIFT_OPTIMIZATION_LEVEL = "-O";
				VALIDATE_PRODUCT = YES;
			};
			name = Release;
		};
		6F2A638F2437B31200BBF66A /* Debug */ = {
			isa = XCBuildConfiguration;
			buildSettings = {
				ASSETCATALOG_COMPILER_APPICON_NAME = AppIcon;
				CODE_SIGN_STYLE = Automatic;
				INFOPLIST_FILE = group19_assignment6/Info.plist;
				LD_RUNPATH_SEARCH_PATHS = (
					"$(inherited)",
					"@executable_path/Frameworks",
				);
				PRODUCT_BUNDLE_IDENTIFIER = "cs329e.group19-assignment6";
				PRODUCT_NAME = "$(TARGET_NAME)";
				SWIFT_VERSION = 5.0;
				TARGETED_DEVICE_FAMILY = "1,2";
			};
			name = Debug;
		};
		6F2A63902437B31200BBF66A /* Release */ = {
			isa = XCBuildConfiguration;
			buildSettings = {
				ASSETCATALOG_COMPILER_APPICON_NAME = AppIcon;
				CODE_SIGN_STYLE = Automatic;
				INFOPLIST_FILE = group19_assignment6/Info.plist;
				LD_RUNPATH_SEARCH_PATHS = (
					"$(inherited)",
					"@executable_path/Frameworks",
				);
				PRODUCT_BUNDLE_IDENTIFIER = "cs329e.group19-assignment6";
				PRODUCT_NAME = "$(TARGET_NAME)";
				SWIFT_VERSION = 5.0;
				TARGETED_DEVICE_FAMILY = "1,2";
			};
			name = Release;
		};
/* End XCBuildConfiguration section */

/* Begin XCConfigurationList section */
		6F2A63722437B30D00BBF66A /* Build configuration list for PBXProject "group19_assignment6" */ = {
			isa = XCConfigurationList;
			buildConfigurations = (
				6F2A638C2437B31200BBF66A /* Debug */,
				6F2A638D2437B31200BBF66A /* Release */,
			);
			defaultConfigurationIsVisible = 0;
			defaultConfigurationName = Release;
		};
		6F2A638E2437B31200BBF66A /* Build configuration list for PBXNativeTarget "group19_assignment6" */ = {
			isa = XCConfigurationList;
			buildConfigurations = (
				6F2A638F2437B31200BBF66A /* Debug */,
				6F2A63902437B31200BBF66A /* Release */,
			);
			defaultConfigurationIsVisible = 0;
			defaultConfigurationName = Release;
		};
/* End XCConfigurationList section */

/* Begin XCVersionGroup section */
		6F2A63832437B30D00BBF66A /* group19_assignment6.xcdatamodeld */ = {
			isa = XCVersionGroup;
			children = (
				6F2A63842437B30D00BBF66A /* group19_assignment6.xcdatamodel */,
			);
			currentVersion = 6F2A63842437B30D00BBF66A /* group19_assignment6.xcdatamodel */;
			path = group19_assignment6.xcdatamodeld;
			sourceTree = "<group>";
			versionGroupType = wrapper.xcdatamodel;
		};
/* End XCVersionGroup section */
	};
	rootObject = 6F2A636F2437B30D00BBF66A /* Project object */;
}
